
Microsoft Visual Studio Solution File, Format Version 12.00
# Visual Studio Version 16
VisualStudioVersion = 16.0.30907.101
MinimumVisualStudioVersion = 10.0.40219.1
Project("{FAE04EC0-301F-11D3-BF4B-00C04F79EFBC}") = "BookStore-API", "BookStore-API\BookStore-API.csproj", "{244DBE91-E60A-4D1E-AE09-2C3744776B87}"
EndProject
Global
	GlobalSection(SolutionConfigurationPlatforms) = preSolution
		Debug|Any CPU = Debug|Any CPU
		Release|Any CPU = Release|Any CPU
	EndGlobalSection
	GlobalSection(ProjectConfigurationPlatforms) = postSolution
		{244DBE91-E60A-4D1E-AE09-2C3744776B87}.Debug|Any CPU.ActiveCfg = Debug|Any CPU
		{244DBE91-E60A-4D1E-AE09-2C3744776B87}.Debug|Any CPU.Build.0 = Debug|Any CPU
		{244DBE91-E60A-4D1E-AE09-2C3744776B87}.Release|Any CPU.ActiveCfg = Release|Any CPU
		{244DBE91-E60A-4D1E-AE09-2C3744776B87}.Release|Any CPU.Build.0 = Release|Any CPU
	EndGlobalSection
	GlobalSection(SolutionProperties) = preSolution
		HideSolutionNode = FALSE
	EndGlobalSection
	GlobalSection(ExtensibilityGlobals) = postSolution
		SolutionGuid = {091B9BA4-7A17-4790-856E-6D6AEA33E650}
	EndGlobalSection
EndGlobal
